
Microsoft Visual Studio Solution File, Format Version 10.00
# Visual C++ Express 2008
Project("{8BC9CEB8-8B4A-11D0-8D11-00A0C91BC942}") = "libfcache", "libfcache\libfcache.vcproj", "{C9503981-9E53-433F-B7FD-91103A2B4EE3}"
	ProjectSection(ProjectDependencies) = postProject
		{F3928D6D-85F0-47E9-99F8-B226B013B166} = {F3928D6D-85F0-47E9-99F8-B226B013B166}
		{C13C4990-1A62-4988-AABD-5E2BDBC0BD9A} = {C13C4990-1A62-4988-AABD-5E2BDBC0BD9A}
		{30F8D7E3-C24E-4047-B452-0CE50435F580} = {30F8D7E3-C24E-4047-B452-0CE50435F580}
	EndProjectSection
EndProject
Project("{8BC9CEB8-8B4A-11D0-8D11-00A0C91BC942}") = "libfguid", "libfguid\libfguid.vcproj", "{3412B0D3-7DA2-454F-B6F5-2DFCB9A69DD9}"
	ProjectSection(ProjectDependencies) = postProject
		{F3928D6D-85F0-47E9-99F8-B226B013B166} = {F3928D6D-85F0-47E9-99F8-B226B013B166}
	EndProjectSection
EndProject
Project("{8BC9CEB8-8B4A-11D0-8D11-00A0C91BC942}") = "fsext_test_attribute_values", "fsext_test_attribute_values\fsext_test_attribute_values.vcproj", "{C1B1EF67-CD6B-4C5B-905D-F6E118E54D3B}"
	ProjectSection(ProjectDependencies) = postProject
		{8ADDA09D-ED79-41D3-9D8A-B1B4107E0761} = {8ADDA09D-ED79-41D3-9D8A-B1B4107E0761}
		{F3928D6D-85F0-47E9-99F8-B226B013B166} = {F3928D6D-85F0-47E9-99F8-B226B013B166}
	EndProjectSection
EndProject
Project("{8BC9CEB8-8B4A-11D0-8D11-00A0C91BC942}") = "fsext_test_bitmap", "fsext_test_bitmap\fsext_test_bitmap.vcproj", "{C6C6349F-31F3-4C05-B931-3F99DE069B2E}"
	ProjectSection(ProjectDependencies) = postProject
		{DC7212B2-6781-4759-9A2D-741E80BAECB4} = {DC7212B2-6781-4759-9A2D-741E80BAECB4}
		{9A694E6D-6431-4ECD-98DD-E2CCCC3F582D} = {9A694E6D-6431-4ECD-98DD-E2CCCC3F582D}
		{70414DDD-DBC1-4FD5-99C7-B27D976407F4} = {70414DDD-DBC1-4FD5-99C7-B27D976407F4}
		{88ACE266-370F-4E66-BB51-30012424D99F} = {88ACE266-370F-4E66-BB51-30012424D99F}
		{C1224432-F30E-453E-8394-5294642B8938} = {C1224432-F30E-453E-8394-5294642B8938}
		{8374119C-E3AE-49E2-96D6-2ACBDBC9E0FA} = {8374119C-E3AE-49E2-96D6-2ACBDBC9E0FA}
		{4334A56B-9164-4A1F-9DD7-95A42F2DDC5D} = {4334A56B-9164-4A1F-9DD7-95A42F2DDC5D}
		{30F8D7E3-C24E-4047-B452-0CE50435F580} = {30F8D7E3-C24E-4047-B452-0CE50435F580}
		{8ADDA09D-ED79-41D3-9D8A-B1B4107E0761} = {8ADDA09D-ED79-41D3-9D8A-B1B4107E0761}
		{F3928D6D-85F0-47E9-99F8-B226B013B166} = {F3928D6D-85F0-47E9-99F8-B226B013B166}
	EndProjectSection
EndProject
Project("{8BC9CEB8-8B4A-11D0-8D11-00A0C91BC942}") = "fsext_test_block", "fsext_test_block\fsext_test_block.vcproj", "{073E23D7-4686-4F7C-9530-5E912B4BCC9E}"
	ProjectSection(ProjectDependencies) = postProject
		{DC7212B2-6781-4759-9A2D-741E80BAECB4} = {DC7212B2-6781-4759-9A2D-741E80BAECB4}
		{9A694E6D-6431-4ECD-98DD-E2CCCC3F582D} = {9A694E6D-6431-4ECD-98DD-E2CCCC3F582D}
		{70414DDD-DBC1-4FD5-99C7-B27D976407F4} = {70414DDD-DBC1-4FD5-99C7-B27D976407F4}
		{88ACE266-370F-4E66-BB51-30012424D99F} = {88ACE266-370F-4E66-BB51-30012424D99F}
		{C1224432-F30E-453E-8394-5294642B8938} = {C1224432-F30E-453E-8394-5294642B8938}
		{8374119C-E3AE-49E2-96D6-2ACBDBC9E0FA} = {8374119C-E3AE-49E2-96D6-2ACBDBC9E0FA}
		{4334A56B-9164-4A1F-9DD7-95A42F2DDC5D} = {4334A56B-9164-4A1F-9DD7-95A42F2DDC5D}
		{30F8D7E3-C24E-4047-B452-0CE50435F580} = {30F8D7E3-C24E-4047-B452-0CE50435F580}
		{8ADDA09D-ED79-41D3-9D8A-B1B4107E0761} = {8ADDA09D-ED79-41D3-9D8A-B1B4107E0761}
		{F3928D6D-85F0-47E9-99F8-B226B013B166} = {F3928D6D-85F0-47E9-99F8-B226B013B166}
	EndProjectSection
EndProject
Project("{8BC9CEB8-8B4A-11D0-8D11-00A0C91BC942}") = "fsext_test_block_data_handle", "fsext_test_block_data_handle\fsext_test_block_data_handle.vcproj", "{A379672D-6DF2-460F-A5CE-4D004EC8ACEB}"
	ProjectSection(ProjectDependencies) = postProject
		{DC7212B2-6781-4759-9A2D-741E80BAECB4} = {DC7212B2-6781-4759-9A2D-741E80BAECB4}
		{9A694E6D-6431-4ECD-98DD-E2CCCC3F582D} = {9A694E6D-6431-4ECD-98DD-E2CCCC3F582D}
		{70414DDD-DBC1-4FD5-99C7-B27D976407F4} = {70414DDD-DBC1-4FD5-99C7-B27D976407F4}
		{88ACE266-370F-4E66-BB51-30012424D99F} = {88ACE266-370F-4E66-BB51-30012424D99F}
		{C1224432-F30E-453E-8394-5294642B8938} = {C1224432-F30E-453E-8394-5294642B8938}
		{8374119C-E3AE-49E2-96D6-2ACBDBC9E0FA} = {8374119C-E3AE-49E2-96D6-2ACBDBC9E0FA}
		{4334A56B-9164-4A1F-9DD7-95A42F2DDC5D} = {4334A56B-9164-4A1F-9DD7-95A42F2DDC5D}
		{30F8D7E3-C24E-4047-B452-0CE50435F580} = {30F8D7E3-C24E-4047-B452-0CE50435F580}
		{8ADDA09D-ED79-41D3-9D8A-B1B4107E0761} = {8ADDA09D-ED79-41D3-9D8A-B1B4107E0761}
		{F3928D6D-85F0-47E9-99F8-B226B013B166} = {F3928D6D-85F0-47E9-99F8-B226B013B166}
	EndProjectSection
EndProject
Project("{8BC9CEB8-8B4A-11D0-8D11-00A0C91BC942}") = "fsext_test_block_vector", "fsext_test_block_vector\fsext_test_block_vector.vcproj", "{B5712DB5-3651-490C-B26C-16A440D4687A}"
	ProjectSection(ProjectDependencies) = postProject
		{2F191A2D-DB2E-4BE7-BD47-D617A7F4FA75} = {2F191A2D-DB2E-4BE7-BD47-D617A7F4FA75}
		{C9503981-9E53-433F-B7FD-91103A2B4EE3} = {C9503981-9E53-433F-B7FD-91103A2B4EE3}
		{DC7212B2-6781-4759-9A2D-741E80BAECB4} = {DC7212B2-6781-4759-9A2D-741E80BAECB4}
		{9A694E6D-6431-4ECD-98DD-E2CCCC3F582D} = {9A694E6D-6431-4ECD-98DD-E2CCCC3F582D}
		{70414DDD-DBC1-4FD5-99C7-B27D976407F4} = {70414DDD-DBC1-4FD5-99C7-B27D976407F4}
		{88ACE266-370F-4E66-BB51-30012424D99F} = {88ACE266-370F-4E66-BB51-30012424D99F}
		{C1224432-F30E-453E-8394-5294642B8938} = {C1224432-F30E-453E-8394-5294642B8938}
		{8374119C-E3AE-49E2-96D6-2ACBDBC9E0FA} = {8374119C-E3AE-49E2-96D6-2ACBDBC9E0FA}
		{4334A56B-9164-4A1F-9DD7-95A42F2DDC5D} = {4334A56B-9164-4A1F-9DD7-95A42F2DDC5D}
		{30F8D7E3-C24E-4047-B452-0CE50435F580} = {30F8D7E3-C24E-4047-B452-0CE50435F580}
		{8ADDA09D-ED79-41D3-9D8A-B1B4107E0761} = {8ADDA09D-ED79-41D3-9D8A-B1B4107E0761}
		{F3928D6D-85F0-47E9-99F8-B226B013B166} = {F3928D6D-85F0-47E9-99F8-B226B013B166}
	EndProjectSection
EndProject
Project("{8BC9CEB8-8B4A-11D0-8D11-00A0C91BC942}") = "fsext_test_buffer_data_handle", "fsext_test_buffer_data_handle\fsext_test_buffer_data_handle.vcproj", "{032277AA-090A-4F4F-9F30-83580404704C}"
	ProjectSection(ProjectDependencies) = postProject
		{8ADDA09D-ED79-41D3-9D8A-B1B4107E0761} = {8ADDA09D-ED79-41D3-9D8A-B1B4107E0761}
		{F3928D6D-85F0-47E9-99F8-B226B013B166} = {F3928D6D-85F0-47E9-99F8-B226B013B166}
	EndProjectSection
EndProject
Project("{8BC9CEB8-8B4A-11D0-8D11-00A0C91BC942}") = "fsext_test_directory", "fsext_test_directory\fsext_test_directory.vcproj", "{48961EF8-B5F1-47E5-AAAB-10143CA07083}"
	ProjectSection(ProjectDependencies) = postProject
		{DC7212B2-6781-4759-9A2D-741E80BAECB4} = {DC7212B2-6781-4759-9A2D-741E80BAECB4}
		{9A694E6D-6431-4ECD-98DD-E2CCCC3F582D} = {9A694E6D-6431-4ECD-98DD-E2CCCC3F582D}
		{70414DDD-DBC1-4FD5-99C7-B27D976407F4} = {70414DDD-DBC1-4FD5-99C7-B27D976407F4}
		{88ACE266-370F-4E66-BB51-30012424D99F} = {88ACE266-370F-4E66-BB51-30012424D99F}
		{C1224432-F30E-453E-8394-5294642B8938} = {C1224432-F30E-453E-8394-5294642B8938}
		{8374119C-E3AE-49E2-96D6-2ACBDBC9E0FA} = {8374119C-E3AE-49E2-96D6-2ACBDBC9E0FA}
		{4334A56B-9164-4A1F-9DD7-95A42F2DDC5D} = {4334A56B-9164-4A1F-9DD7-95A42F2DDC5D}
		{30F8D7E3-C24E-4047-B452-0CE50435F580} = {30F8D7E3-C24E-4047-B452-0CE50435F580}
		{8ADDA09D-ED79-41D3-9D8A-B1B4107E0761} = {8ADDA09D-ED79-41D3-9D8A-B1B4107E0761}
		{F3928D6D-85F0-47E9-99F8-B226B013B166} = {F3928D6D-85F0-47E9-99F8-B226B013B166}
	EndProjectSection
EndProject
Project("{8BC9CEB8-8B4A-11D0-8D11-00A0C91BC942}") = "fsext_test_directory_entry", "fsext_test_directory_entry\fsext_test_directory_entry.vcproj", "{A4DF97BA-994B-4A04-82A6-BB83BCA068E0}"
	ProjectSection(ProjectDependencies) = postProject
		{8ADDA09D-ED79-41D3-9D8A-B1B4107E0761} = {8ADDA09D-ED79-41D3-9D8A-B1B4107E0761}
		{F3928D6D-85F0-47E9-99F8-B226B013B166} = {F3928D6D-85F0-47E9-99F8-B226B013B166}
	EndProjectSection
EndProject
Project("{8BC9CEB8-8B4A-11D0-8D11-00A0C91BC942}") = "fsext_test_error", "fsext_test_error\fsext_test_error.vcproj", "{A01C618A-11CC-42BC-9E4A-8564E2B25FF3}"
	ProjectSection(ProjectDependencies) = postProject
		{8ADDA09D-ED79-41D3-9D8A-B1B4107E0761} = {8ADDA09D-ED79-41D3-9D8A-B1B4107E0761}
	EndProjectSection
EndProject
Project("{8BC9CEB8-8B4A-11D0-8D11-00A0C91BC942}") = "fsext_test_extended_attribute", "fsext_test_extended_attribute\fsext_test_extended_attribute.vcproj", "{CE2E7B3B-654D-4DE0-9F43-C48791DD0FF4}"
	ProjectSection(ProjectDependencies) = postProject
		{8ADDA09D-ED79-41D3-9D8A-B1B4107E0761} = {8ADDA09D-ED79-41D3-9D8A-B1B4107E0761}
		{F3928D6D-85F0-47E9-99F8-B226B013B166} = {F3928D6D-85F0-47E9-99F8-B226B013B166}
	EndProjectSection
EndProject
Project("{8BC9CEB8-8B4A-11D0-8D11-00A0C91BC942}") = "fsext_test_extent", "fsext_test_extent\fsext_test_extent.vcproj", "{7BA036C1-2AE9-4831-9D62-557EAB82553C}"
	ProjectSection(ProjectDependencies) = postProject
		{8ADDA09D-ED79-41D3-9D8A-B1B4107E0761} = {8ADDA09D-ED79-41D3-9D8A-B1B4107E0761}
		{F3928D6D-85F0-47E9-99F8-B226B013B166} = {F3928D6D-85F0-47E9-99F8-B226B013B166}
	EndProjectSection
EndProject
Project("{8BC9CEB8-8B4A-11D0-8D11-00A0C91BC942}") = "fsext_test_extent_index", "fsext_test_extent_index\fsext_test_extent_index.vcproj", "{12E095BB-79DF-4360-BDFA-141E7ACA138E}"
	ProjectSection(ProjectDependencies) = postProject
		{8ADDA09D-ED79-41D3-9D8A-B1B4107E0761} = {8ADDA09D-ED79-41D3-9D8A-B1B4107E0761}
		{F3928D6D-85F0-47E9-99F8-B226B013B166} = {F3928D6D-85F0-47E9-99F8-B226B013B166}
	EndProjectSection
EndProject
Project("{8BC9CEB8-8B4A-11D0-8D11-00A0C91BC942}") = "fsext_test_extents_footer", "fsext_test_extents_footer\fsext_test_extents_footer.vcproj", "{DA36FCA2-6DC0-493C-991F-C428872A20A0}"
	ProjectSection(ProjectDependencies) = postProject
		{8ADDA09D-ED79-41D3-9D8A-B1B4107E0761} = {8ADDA09D-ED79-41D3-9D8A-B1B4107E0761}
		{F3928D6D-85F0-47E9-99F8-B226B013B166} = {F3928D6D-85F0-47E9-99F8-B226B013B166}
	EndProjectSection
EndProject
Project("{8BC9CEB8-8B4A-11D0-8D11-00A0C91BC942}") = "fsext_test_extents_header", "fsext_test_extents_header\fsext_test_extents_header.vcproj", "{6DA172A3-6944-4648-A4AC-E0C2C7F357D8}"
	ProjectSection(ProjectDependencies) = postProject
		{8ADDA09D-ED79-41D3-9D8A-B1B4107E0761} = {8ADDA09D-ED79-41D3-9D8A-B1B4107E0761}
		{F3928D6D-85F0-47E9-99F8-B226B013B166} = {F3928D6D-85F0-47E9-99F8-B226B013B166}
	EndProjectSection
EndProject
Project("{8BC9CEB8-8B4A-11D0-8D11-00A0C91BC942}") = "fsext_test_file_entry", "fsext_test_file_entry\fsext_test_file_entry.vcproj", "{B0B970DA-07A6-4C39-82B8-CCDFD2181400}"
	ProjectSection(ProjectDependencies) = postProject
		{8ADDA09D-ED79-41D3-9D8A-B1B4107E0761} = {8ADDA09D-ED79-41D3-9D8A-B1B4107E0761}
		{F3928D6D-85F0-47E9-99F8-B226B013B166} = {F3928D6D-85F0-47E9-99F8-B226B013B166}
	EndProjectSection
EndProject
Project("{8BC9CEB8-8B4A-11D0-8D11-00A0C91BC942}") = "fsext_test_group_descriptor", "fsext_test_group_descriptor\fsext_test_group_descriptor.vcproj", "{72FE122C-2397-41EE-921B-5C480A5D192F}"
	ProjectSection(ProjectDependencies) = postProject
		{DC7212B2-6781-4759-9A2D-741E80BAECB4} = {DC7212B2-6781-4759-9A2D-741E80BAECB4}
		{9A694E6D-6431-4ECD-98DD-E2CCCC3F582D} = {9A694E6D-6431-4ECD-98DD-E2CCCC3F582D}
		{70414DDD-DBC1-4FD5-99C7-B27D976407F4} = {70414DDD-DBC1-4FD5-99C7-B27D976407F4}
		{88ACE266-370F-4E66-BB51-30012424D99F} = {88ACE266-370F-4E66-BB51-30012424D99F}
		{C1224432-F30E-453E-8394-5294642B8938} = {C1224432-F30E-453E-8394-5294642B8938}
		{8374119C-E3AE-49E2-96D6-2ACBDBC9E0FA} = {8374119C-E3AE-49E2-96D6-2ACBDBC9E0FA}
		{4334A56B-9164-4A1F-9DD7-95A42F2DDC5D} = {4334A56B-9164-4A1F-9DD7-95A42F2DDC5D}
		{30F8D7E3-C24E-4047-B452-0CE50435F580} = {30F8D7E3-C24E-4047-B452-0CE50435F580}
		{8ADDA09D-ED79-41D3-9D8A-B1B4107E0761} = {8ADDA09D-ED79-41D3-9D8A-B1B4107E0761}
		{F3928D6D-85F0-47E9-99F8-B226B013B166} = {F3928D6D-85F0-47E9-99F8-B226B013B166}
	EndProjectSection
EndProject
Project("{8BC9CEB8-8B4A-11D0-8D11-00A0C91BC942}") = "fsext_test_inode", "fsext_test_inode\fsext_test_inode.vcproj", "{7ED5E734-9FBF-4507-88DA-DC61F3AD9279}"
	ProjectSection(ProjectDependencies) = postProject
		{8ADDA09D-ED79-41D3-9D8A-B1B4107E0761} = {8ADDA09D-ED79-41D3-9D8A-B1B4107E0761}
		{F3928D6D-85F0-47E9-99F8-B226B013B166} = {F3928D6D-85F0-47E9-99F8-B226B013B166}
	EndProjectSection
EndProject
Project("{8BC9CEB8-8B4A-11D0-8D11-00A0C91BC942}") = "fsext_test_inode_table", "fsext_test_inode_table\fsext_test_inode_table.vcproj", "{1DCAFFF5-DD8C-41CC-89A9-542464EB2E87}"
	ProjectSection(ProjectDependencies) = postProject
		{8ADDA09D-ED79-41D3-9D8A-B1B4107E0761} = {8ADDA09D-ED79-41D3-9D8A-B1B4107E0761}
		{F3928D6D-85F0-47E9-99F8-B226B013B166} = {F3928D6D-85F0-47E9-99F8-B226B013B166}
	EndProjectSection
EndProject
Project("{8BC9CEB8-8B4A-11D0-8D11-00A0C91BC942}") = "fsext_test_io_handle", "fsext_test_io_handle\fsext_test_io_handle.vcproj", "{5E84CBC8-CB94-42C6-B7BA-46CC330EB903}"
	ProjectSection(ProjectDependencies) = postProject
		{8ADDA09D-ED79-41D3-9D8A-B1B4107E0761} = {8ADDA09D-ED79-41D3-9D8A-B1B4107E0761}
		{F3928D6D-85F0-47E9-99F8-B226B013B166} = {F3928D6D-85F0-47E9-99F8-B226B013B166}
	EndProjectSection
EndProject
Project("{8BC9CEB8-8B4A-11D0-8D11-00A0C91BC942}") = "fsext_test_notify", "fsext_test_notify\fsext_test_notify.vcproj", "{A5E4E963-E80A-48F0-927F-3F3CB61AE69F}"
	ProjectSection(ProjectDependencies) = postProject
		{8ADDA09D-ED79-41D3-9D8A-B1B4107E0761} = {8ADDA09D-ED79-41D3-9D8A-B1B4107E0761}
		{F3928D6D-85F0-47E9-99F8-B226B013B166} = {F3928D6D-85F0-47E9-99F8-B226B013B166}
	EndProjectSection
EndProject
Project("{8BC9CEB8-8B4A-11D0-8D11-00A0C91BC942}") = "fsext_test_superblock", "fsext_test_superblock\fsext_test_superblock.vcproj", "{F57718B3-3EC2-4571-B92F-3B300FBCACD8}"
	ProjectSection(ProjectDependencies) = postProject
		{DC7212B2-6781-4759-9A2D-741E80BAECB4} = {DC7212B2-6781-4759-9A2D-741E80BAECB4}
		{9A694E6D-6431-4ECD-98DD-E2CCCC3F582D} = {9A694E6D-6431-4ECD-98DD-E2CCCC3F582D}
		{70414DDD-DBC1-4FD5-99C7-B27D976407F4} = {70414DDD-DBC1-4FD5-99C7-B27D976407F4}
		{88ACE266-370F-4E66-BB51-30012424D99F} = {88ACE266-370F-4E66-BB51-30012424D99F}
		{C1224432-F30E-453E-8394-5294642B8938} = {C1224432-F30E-453E-8394-5294642B8938}
		{8374119C-E3AE-49E2-96D6-2ACBDBC9E0FA} = {8374119C-E3AE-49E2-96D6-2ACBDBC9E0FA}
		{4334A56B-9164-4A1F-9DD7-95A42F2DDC5D} = {4334A56B-9164-4A1F-9DD7-95A42F2DDC5D}
		{30F8D7E3-C24E-4047-B452-0CE50435F580} = {30F8D7E3-C24E-4047-B452-0CE50435F580}
		{8ADDA09D-ED79-41D3-9D8A-B1B4107E0761} = {8ADDA09D-ED79-41D3-9D8A-B1B4107E0761}
		{F3928D6D-85F0-47E9-99F8-B226B013B166} = {F3928D6D-85F0-47E9-99F8-B226B013B166}
	EndProjectSection
EndProject
Project("{8BC9CEB8-8B4A-11D0-8D11-00A0C91BC942}") = "fsext_test_support", "fsext_test_support\fsext_test_support.vcproj", "{CBBD1719-EA88-4308-9635-8183437C9698}"
	ProjectSection(ProjectDependencies) = postProject
		{DC7212B2-6781-4759-9A2D-741E80BAECB4} = {DC7212B2-6781-4759-9A2D-741E80BAECB4}
		{9A694E6D-6431-4ECD-98DD-E2CCCC3F582D} = {9A694E6D-6431-4ECD-98DD-E2CCCC3F582D}
		{70414DDD-DBC1-4FD5-99C7-B27D976407F4} = {70414DDD-DBC1-4FD5-99C7-B27D976407F4}
		{88ACE266-370F-4E66-BB51-30012424D99F} = {88ACE266-370F-4E66-BB51-30012424D99F}
		{C1224432-F30E-453E-8394-5294642B8938} = {C1224432-F30E-453E-8394-5294642B8938}
		{8374119C-E3AE-49E2-96D6-2ACBDBC9E0FA} = {8374119C-E3AE-49E2-96D6-2ACBDBC9E0FA}
		{4334A56B-9164-4A1F-9DD7-95A42F2DDC5D} = {4334A56B-9164-4A1F-9DD7-95A42F2DDC5D}
		{30F8D7E3-C24E-4047-B452-0CE50435F580} = {30F8D7E3-C24E-4047-B452-0CE50435F580}
		{8ADDA09D-ED79-41D3-9D8A-B1B4107E0761} = {8ADDA09D-ED79-41D3-9D8A-B1B4107E0761}
		{F3928D6D-85F0-47E9-99F8-B226B013B166} = {F3928D6D-85F0-47E9-99F8-B226B013B166}
	EndProjectSection
EndProject
Project("{8BC9CEB8-8B4A-11D0-8D11-00A0C91BC942}") = "fsext_test_tools_info_handle", "fsext_test_tools_info_handle\fsext_test_tools_info_handle.vcproj", "{17C2C2D5-D0FF-48E9-BD3C-435F123BCD93}"
	ProjectSection(ProjectDependencies) = postProject
		{F153D9DF-FB5F-453F-9ECD-397C3EA8EA36} = {F153D9DF-FB5F-453F-9ECD-397C3EA8EA36}
		{3412B0D3-7DA2-454F-B6F5-2DFCB9A69DD9} = {3412B0D3-7DA2-454F-B6F5-2DFCB9A69DD9}
		{83268692-A4BF-4378-84A6-7BAA5A0DB2CF} = {83268692-A4BF-4378-84A6-7BAA5A0DB2CF}
		{DC7212B2-6781-4759-9A2D-741E80BAECB4} = {DC7212B2-6781-4759-9A2D-741E80BAECB4}
		{9A694E6D-6431-4ECD-98DD-E2CCCC3F582D} = {9A694E6D-6431-4ECD-98DD-E2CCCC3F582D}
		{70414DDD-DBC1-4FD5-99C7-B27D976407F4} = {70414DDD-DBC1-4FD5-99C7-B27D976407F4}
		{88ACE266-370F-4E66-BB51-30012424D99F} = {88ACE266-370F-4E66-BB51-30012424D99F}
		{C1224432-F30E-453E-8394-5294642B8938} = {C1224432-F30E-453E-8394-5294642B8938}
		{8374119C-E3AE-49E2-96D6-2ACBDBC9E0FA} = {8374119C-E3AE-49E2-96D6-2ACBDBC9E0FA}
		{4334A56B-9164-4A1F-9DD7-95A42F2DDC5D} = {4334A56B-9164-4A1F-9DD7-95A42F2DDC5D}
		{30F8D7E3-C24E-4047-B452-0CE50435F580} = {30F8D7E3-C24E-4047-B452-0CE50435F580}
		{8ADDA09D-ED79-41D3-9D8A-B1B4107E0761} = {8ADDA09D-ED79-41D3-9D8A-B1B4107E0761}
		{F3928D6D-85F0-47E9-99F8-B226B013B166} = {F3928D6D-85F0-47E9-99F8-B226B013B166}
	EndProjectSection
EndProject
Project("{8BC9CEB8-8B4A-11D0-8D11-00A0C91BC942}") = "fsext_test_tools_output", "fsext_test_tools_output\fsext_test_tools_output.vcproj", "{B8A1A52C-8BBE-4C85-8A9C-75F5B92F9C51}"
	ProjectSection(ProjectDependencies) = postProject
		{8ADDA09D-ED79-41D3-9D8A-B1B4107E0761} = {8ADDA09D-ED79-41D3-9D8A-B1B4107E0761}
		{F3928D6D-85F0-47E9-99F8-B226B013B166} = {F3928D6D-85F0-47E9-99F8-B226B013B166}
	EndProjectSection
EndProject
Project("{8BC9CEB8-8B4A-11D0-8D11-00A0C91BC942}") = "fsext_test_tools_signal", "fsext_test_tools_signal\fsext_test_tools_signal.vcproj", "{4E6AD001-9632-4BE8-BCA5-D98BAF1DBDA2}"
	ProjectSection(ProjectDependencies) = postProject
		{8ADDA09D-ED79-41D3-9D8A-B1B4107E0761} = {8ADDA09D-ED79-41D3-9D8A-B1B4107E0761}
		{F3928D6D-85F0-47E9-99F8-B226B013B166} = {F3928D6D-85F0-47E9-99F8-B226B013B166}
	EndProjectSection
EndProject
Project("{8BC9CEB8-8B4A-11D0-8D11-00A0C91BC942}") = "fsext_test_volume", "fsext_test_volume\fsext_test_volume.vcproj", "{378460A4-0E01-4869-BC48-E099E5E1FC50}"
	ProjectSection(ProjectDependencies) = postProject
		{DC7212B2-6781-4759-9A2D-741E80BAECB4} = {DC7212B2-6781-4759-9A2D-741E80BAECB4}
		{9A694E6D-6431-4ECD-98DD-E2CCCC3F582D} = {9A694E6D-6431-4ECD-98DD-E2CCCC3F582D}
		{70414DDD-DBC1-4FD5-99C7-B27D976407F4} = {70414DDD-DBC1-4FD5-99C7-B27D976407F4}
		{88ACE266-370F-4E66-BB51-30012424D99F} = {88ACE266-370F-4E66-BB51-30012424D99F}
		{C1224432-F30E-453E-8394-5294642B8938} = {C1224432-F30E-453E-8394-5294642B8938}
		{8374119C-E3AE-49E2-96D6-2ACBDBC9E0FA} = {8374119C-E3AE-49E2-96D6-2ACBDBC9E0FA}
		{4334A56B-9164-4A1F-9DD7-95A42F2DDC5D} = {4334A56B-9164-4A1F-9DD7-95A42F2DDC5D}
		{30F8D7E3-C24E-4047-B452-0CE50435F580} = {30F8D7E3-C24E-4047-B452-0CE50435F580}
		{8ADDA09D-ED79-41D3-9D8A-B1B4107E0761} = {8ADDA09D-ED79-41D3-9D8A-B1B4107E0761}
		{C13C4990-1A62-4988-AABD-5E2BDBC0BD9A} = {C13C4990-1A62-4988-AABD-5E2BDBC0BD9A}
		{F3928D6D-85F0-47E9-99F8-B226B013B166} = {F3928D6D-85F0-47E9-99F8-B226B013B166}
	EndProjectSection
EndProject
Project("{8BC9CEB8-8B4A-11D0-8D11-00A0C91BC942}") = "libclocale", "libclocale\libclocale.vcproj", "{4334A56B-9164-4A1F-9DD7-95A42F2DDC5D}"
	ProjectSection(ProjectDependencies) = postProject
		{F3928D6D-85F0-47E9-99F8-B226B013B166} = {F3928D6D-85F0-47E9-99F8-B226B013B166}
	EndProjectSection
EndProject
Project("{8BC9CEB8-8B4A-11D0-8D11-00A0C91BC942}") = "libbfio", "libbfio\libbfio.vcproj", "{DC7212B2-6781-4759-9A2D-741E80BAECB4}"
	ProjectSection(ProjectDependencies) = postProject
		{F3928D6D-85F0-47E9-99F8-B226B013B166} = {F3928D6D-85F0-47E9-99F8-B226B013B166}
		{C13C4990-1A62-4988-AABD-5E2BDBC0BD9A} = {C13C4990-1A62-4988-AABD-5E2BDBC0BD9A}
		{4334A56B-9164-4A1F-9DD7-95A42F2DDC5D} = {4334A56B-9164-4A1F-9DD7-95A42F2DDC5D}
		{8374119C-E3AE-49E2-96D6-2ACBDBC9E0FA} = {8374119C-E3AE-49E2-96D6-2ACBDBC9E0FA}
		{30F8D7E3-C24E-4047-B452-0CE50435F580} = {30F8D7E3-C24E-4047-B452-0CE50435F580}
		{C1224432-F30E-453E-8394-5294642B8938} = {C1224432-F30E-453E-8394-5294642B8938}
		{70414DDD-DBC1-4FD5-99C7-B27D976407F4} = {70414DDD-DBC1-4FD5-99C7-B27D976407F4}
		{9A694E6D-6431-4ECD-98DD-E2CCCC3F582D} = {9A694E6D-6431-4ECD-98DD-E2CCCC3F582D}
		{88ACE266-370F-4E66-BB51-30012424D99F} = {88ACE266-370F-4E66-BB51-30012424D99F}
	EndProjectSection
EndProject
Project("{8BC9CEB8-8B4A-11D0-8D11-00A0C91BC942}") = "libfdatetime", "libfdatetime\libfdatetime.vcproj", "{83268692-A4BF-4378-84A6-7BAA5A0DB2CF}"
	ProjectSection(ProjectDependencies) = postProject
		{F3928D6D-85F0-47E9-99F8-B226B013B166} = {F3928D6D-85F0-47E9-99F8-B226B013B166}
	EndProjectSection
EndProject
Project("{8BC9CEB8-8B4A-11D0-8D11-00A0C91BC942}") = "pyfsext", "pyfsext\pyfsext.vcproj", "{6BB60CCB-E1E7-4FD5-9997-AB42CD8817BD}"
	ProjectSection(ProjectDependencies) = postProject
		{F3928D6D-85F0-47E9-99F8-B226B013B166} = {F3928D6D-85F0-47E9-99F8-B226B013B166}
		{8ADDA09D-ED79-41D3-9D8A-B1B4107E0761} = {8ADDA09D-ED79-41D3-9D8A-B1B4107E0761}
		{30F8D7E3-C24E-4047-B452-0CE50435F580} = {30F8D7E3-C24E-4047-B452-0CE50435F580}
		{4334A56B-9164-4A1F-9DD7-95A42F2DDC5D} = {4334A56B-9164-4A1F-9DD7-95A42F2DDC5D}
		{C1224432-F30E-453E-8394-5294642B8938} = {C1224432-F30E-453E-8394-5294642B8938}
		{88ACE266-370F-4E66-BB51-30012424D99F} = {88ACE266-370F-4E66-BB51-30012424D99F}
		{70414DDD-DBC1-4FD5-99C7-B27D976407F4} = {70414DDD-DBC1-4FD5-99C7-B27D976407F4}
		{9A694E6D-6431-4ECD-98DD-E2CCCC3F582D} = {9A694E6D-6431-4ECD-98DD-E2CCCC3F582D}
		{DC7212B2-6781-4759-9A2D-741E80BAECB4} = {DC7212B2-6781-4759-9A2D-741E80BAECB4}
	EndProjectSection
EndProject
Project("{8BC9CEB8-8B4A-11D0-8D11-00A0C91BC942}") = "libcfile", "libcfile\libcfile.vcproj", "{70414DDD-DBC1-4FD5-99C7-B27D976407F4}"
	ProjectSection(ProjectDependencies) = postProject
		{F3928D6D-85F0-47E9-99F8-B226B013B166} = {F3928D6D-85F0-47E9-99F8-B226B013B166}
		{4334A56B-9164-4A1F-9DD7-95A42F2DDC5D} = {4334A56B-9164-4A1F-9DD7-95A42F2DDC5D}
		{8374119C-E3AE-49E2-96D6-2ACBDBC9E0FA} = {8374119C-E3AE-49E2-96D6-2ACBDBC9E0FA}
		{88ACE266-370F-4E66-BB51-30012424D99F} = {88ACE266-370F-4E66-BB51-30012424D99F}
	EndProjectSection
EndProject
Project("{8BC9CEB8-8B4A-11D0-8D11-00A0C91BC942}") = "libcthreads", "libcthreads\libcthreads.vcproj", "{C13C4990-1A62-4988-AABD-5E2BDBC0BD9A}"
	ProjectSection(ProjectDependencies) = postProject
		{F3928D6D-85F0-47E9-99F8-B226B013B166} = {F3928D6D-85F0-47E9-99F8-B226B013B166}
	EndProjectSection
EndProject
Project("{8BC9CEB8-8B4A-11D0-8D11-00A0C91BC942}") = "libcpath", "libcpath\libcpath.vcproj", "{9A694E6D-6431-4ECD-98DD-E2CCCC3F582D}"
	ProjectSection(ProjectDependencies) = postProject
		{F3928D6D-85F0-47E9-99F8-B226B013B166} = {F3928D6D-85F0-47E9-99F8-B226B013B166}
		{4334A56B-9164-4A1F-9DD7-95A42F2DDC5D} = {4334A56B-9164-4A1F-9DD7-95A42F2DDC5D}
		{C1224432-F30E-453E-8394-5294642B8938} = {C1224432-F30E-453E-8394-5294642B8938}
		{88ACE266-370F-4E66-BB51-30012424D99F} = {88ACE266-370F-4E66-BB51-30012424D99F}
	EndProjectSection
EndProject
Project("{8BC9CEB8-8B4A-11D0-8D11-00A0C91BC942}") = "libhmac", "libhmac\libhmac.vcproj", "{F153D9DF-FB5F-453F-9ECD-397C3EA8EA36}"
	ProjectSection(ProjectDependencies) = postProject
		{F3928D6D-85F0-47E9-99F8-B226B013B166} = {F3928D6D-85F0-47E9-99F8-B226B013B166}
	EndProjectSection
EndProject
Project("{8BC9CEB8-8B4A-11D0-8D11-00A0C91BC942}") = "libuna", "libuna\libuna.vcproj", "{88ACE266-370F-4E66-BB51-30012424D99F}"
	ProjectSection(ProjectDependencies) = postProject
		{F3928D6D-85F0-47E9-99F8-B226B013B166} = {F3928D6D-85F0-47E9-99F8-B226B013B166}
	EndProjectSection
EndProject
Project("{8BC9CEB8-8B4A-11D0-8D11-00A0C91BC942}") = "libcerror", "libcerror\libcerror.vcproj", "{F3928D6D-85F0-47E9-99F8-B226B013B166}"
EndProject
Project("{8BC9CEB8-8B4A-11D0-8D11-00A0C91BC942}") = "libcnotify", "libcnotify\libcnotify.vcproj", "{8374119C-E3AE-49E2-96D6-2ACBDBC9E0FA}"
	ProjectSection(ProjectDependencies) = postProject
		{F3928D6D-85F0-47E9-99F8-B226B013B166} = {F3928D6D-85F0-47E9-99F8-B226B013B166}
	EndProjectSection
EndProject
Project("{8BC9CEB8-8B4A-11D0-8D11-00A0C91BC942}") = "libfsext", "libfsext\libfsext.vcproj", "{8ADDA09D-ED79-41D3-9D8A-B1B4107E0761}"
	ProjectSection(ProjectDependencies) = postProject
		{F3928D6D-85F0-47E9-99F8-B226B013B166} = {F3928D6D-85F0-47E9-99F8-B226B013B166}
		{C13C4990-1A62-4988-AABD-5E2BDBC0BD9A} = {C13C4990-1A62-4988-AABD-5E2BDBC0BD9A}
		{30F8D7E3-C24E-4047-B452-0CE50435F580} = {30F8D7E3-C24E-4047-B452-0CE50435F580}
		{4334A56B-9164-4A1F-9DD7-95A42F2DDC5D} = {4334A56B-9164-4A1F-9DD7-95A42F2DDC5D}
		{8374119C-E3AE-49E2-96D6-2ACBDBC9E0FA} = {8374119C-E3AE-49E2-96D6-2ACBDBC9E0FA}
		{C1224432-F30E-453E-8394-5294642B8938} = {C1224432-F30E-453E-8394-5294642B8938}
		{88ACE266-370F-4E66-BB51-30012424D99F} = {88ACE266-370F-4E66-BB51-30012424D99F}
		{70414DDD-DBC1-4FD5-99C7-B27D976407F4} = {70414DDD-DBC1-4FD5-99C7-B27D976407F4}
		{9A694E6D-6431-4ECD-98DD-E2CCCC3F582D} = {9A694E6D-6431-4ECD-98DD-E2CCCC3F582D}
		{DC7212B2-6781-4759-9A2D-741E80BAECB4} = {DC7212B2-6781-4759-9A2D-741E80BAECB4}
		{C9503981-9E53-433F-B7FD-91103A2B4EE3} = {C9503981-9E53-433F-B7FD-91103A2B4EE3}
		{2F191A2D-DB2E-4BE7-BD47-D617A7F4FA75} = {2F191A2D-DB2E-4BE7-BD47-D617A7F4FA75}
		{83268692-A4BF-4378-84A6-7BAA5A0DB2CF} = {83268692-A4BF-4378-84A6-7BAA5A0DB2CF}
		{3412B0D3-7DA2-454F-B6F5-2DFCB9A69DD9} = {3412B0D3-7DA2-454F-B6F5-2DFCB9A69DD9}
	EndProjectSection
EndProject
Project("{8BC9CEB8-8B4A-11D0-8D11-00A0C91BC942}") = "libfdata", "libfdata\libfdata.vcproj", "{2F191A2D-DB2E-4BE7-BD47-D617A7F4FA75}"
	ProjectSection(ProjectDependencies) = postProject
		{F3928D6D-85F0-47E9-99F8-B226B013B166} = {F3928D6D-85F0-47E9-99F8-B226B013B166}
		{C13C4990-1A62-4988-AABD-5E2BDBC0BD9A} = {C13C4990-1A62-4988-AABD-5E2BDBC0BD9A}
		{30F8D7E3-C24E-4047-B452-0CE50435F580} = {30F8D7E3-C24E-4047-B452-0CE50435F580}
		{8374119C-E3AE-49E2-96D6-2ACBDBC9E0FA} = {8374119C-E3AE-49E2-96D6-2ACBDBC9E0FA}
		{C9503981-9E53-433F-B7FD-91103A2B4EE3} = {C9503981-9E53-433F-B7FD-91103A2B4EE3}
	EndProjectSection
EndProject
Project("{8BC9CEB8-8B4A-11D0-8D11-00A0C91BC942}") = "libcdata", "libcdata\libcdata.vcproj", "{30F8D7E3-C24E-4047-B452-0CE50435F580}"
	ProjectSection(ProjectDependencies) = postProject
		{F3928D6D-85F0-47E9-99F8-B226B013B166} = {F3928D6D-85F0-47E9-99F8-B226B013B166}
		{C13C4990-1A62-4988-AABD-5E2BDBC0BD9A} = {C13C4990-1A62-4988-AABD-5E2BDBC0BD9A}
	EndProjectSection
EndProject
Project("{8BC9CEB8-8B4A-11D0-8D11-00A0C91BC942}") = "fsextinfo", "fsextinfo\fsextinfo.vcproj", "{E032AB90-EE29-40A1-97F0-1F2B6F9949C3}"
	ProjectSection(ProjectDependencies) = postProject
		{F153D9DF-FB5F-453F-9ECD-397C3EA8EA36} = {F153D9DF-FB5F-453F-9ECD-397C3EA8EA36}
		{3412B0D3-7DA2-454F-B6F5-2DFCB9A69DD9} = {3412B0D3-7DA2-454F-B6F5-2DFCB9A69DD9}
		{83268692-A4BF-4378-84A6-7BAA5A0DB2CF} = {83268692-A4BF-4378-84A6-7BAA5A0DB2CF}
		{DC7212B2-6781-4759-9A2D-741E80BAECB4} = {DC7212B2-6781-4759-9A2D-741E80BAECB4}
		{9A694E6D-6431-4ECD-98DD-E2CCCC3F582D} = {9A694E6D-6431-4ECD-98DD-E2CCCC3F582D}
		{70414DDD-DBC1-4FD5-99C7-B27D976407F4} = {70414DDD-DBC1-4FD5-99C7-B27D976407F4}
		{88ACE266-370F-4E66-BB51-30012424D99F} = {88ACE266-370F-4E66-BB51-30012424D99F}
		{C1224432-F30E-453E-8394-5294642B8938} = {C1224432-F30E-453E-8394-5294642B8938}
		{30F8D7E3-C24E-4047-B452-0CE50435F580} = {30F8D7E3-C24E-4047-B452-0CE50435F580}
		{8374119C-E3AE-49E2-96D6-2ACBDBC9E0FA} = {8374119C-E3AE-49E2-96D6-2ACBDBC9E0FA}
		{4334A56B-9164-4A1F-9DD7-95A42F2DDC5D} = {4334A56B-9164-4A1F-9DD7-95A42F2DDC5D}
		{8ADDA09D-ED79-41D3-9D8A-B1B4107E0761} = {8ADDA09D-ED79-41D3-9D8A-B1B4107E0761}
		{F3928D6D-85F0-47E9-99F8-B226B013B166} = {F3928D6D-85F0-47E9-99F8-B226B013B166}
	EndProjectSection
EndProject
Project("{8BC9CEB8-8B4A-11D0-8D11-00A0C91BC942}") = "fsextmount", "fsextmount\fsextmount.vcproj", "{86F9FCDD-7B06-4A6D-B911-8F78477C03B1}"
	ProjectSection(ProjectDependencies) = postProject
		{DC7212B2-6781-4759-9A2D-741E80BAECB4} = {DC7212B2-6781-4759-9A2D-741E80BAECB4}
		{9A694E6D-6431-4ECD-98DD-E2CCCC3F582D} = {9A694E6D-6431-4ECD-98DD-E2CCCC3F582D}
		{70414DDD-DBC1-4FD5-99C7-B27D976407F4} = {70414DDD-DBC1-4FD5-99C7-B27D976407F4}
		{88ACE266-370F-4E66-BB51-30012424D99F} = {88ACE266-370F-4E66-BB51-30012424D99F}
		{C1224432-F30E-453E-8394-5294642B8938} = {C1224432-F30E-453E-8394-5294642B8938}
		{8374119C-E3AE-49E2-96D6-2ACBDBC9E0FA} = {8374119C-E3AE-49E2-96D6-2ACBDBC9E0FA}
		{4334A56B-9164-4A1F-9DD7-95A42F2DDC5D} = {4334A56B-9164-4A1F-9DD7-95A42F2DDC5D}
		{30F8D7E3-C24E-4047-B452-0CE50435F580} = {30F8D7E3-C24E-4047-B452-0CE50435F580}
		{8ADDA09D-ED79-41D3-9D8A-B1B4107E0761} = {8ADDA09D-ED79-41D3-9D8A-B1B4107E0761}
		{F3928D6D-85F0-47E9-99F8-B226B013B166} = {F3928D6D-85F0-47E9-99F8-B226B013B166}
	EndProjectSection
EndProject
Project("{8BC9CEB8-8B4A-11D0-8D11-00A0C91BC942}") = "libcsplit", "libcsplit\libcsplit.vcproj", "{C1224432-F30E-453E-8394-5294642B8938}"
	ProjectSection(ProjectDependencies) = postProject
		{F3928D6D-85F0-47E9-99F8-B226B013B166} = {F3928D6D-85F0-47E9-99F8-B226B013B166}
	EndProjectSection
EndProject
Global
	GlobalSection(SolutionConfigurationPlatforms) = preSolution
		Release|Win32 = Release|Win32
		VSDebug|Win32 = VSDebug|Win32
	EndGlobalSection
	GlobalSection(ProjectConfigurationPlatforms) = postSolution
		{C9503981-9E53-433F-B7FD-91103A2B4EE3}.Release|Win32.ActiveCfg = Release|Win32
		{C9503981-9E53-433F-B7FD-91103A2B4EE3}.Release|Win32.Build.0 = Release|Win32
		{C9503981-9E53-433F-B7FD-91103A2B4EE3}.VSDebug|Win32.ActiveCfg = VSDebug|Win32
		{C9503981-9E53-433F-B7FD-91103A2B4EE3}.VSDebug|Win32.Build.0 = VSDebug|Win32
		{3412B0D3-7DA2-454F-B6F5-2DFCB9A69DD9}.Release|Win32.ActiveCfg = Release|Win32
		{3412B0D3-7DA2-454F-B6F5-2DFCB9A69DD9}.Release|Win32.Build.0 = Release|Win32
		{3412B0D3-7DA2-454F-B6F5-2DFCB9A69DD9}.VSDebug|Win32.ActiveCfg = VSDebug|Win32
		{3412B0D3-7DA2-454F-B6F5-2DFCB9A69DD9}.VSDebug|Win32.Build.0 = VSDebug|Win32
		{C1B1EF67-CD6B-4C5B-905D-F6E118E54D3B}.Release|Win32.ActiveCfg = Release|Win32
		{C1B1EF67-CD6B-4C5B-905D-F6E118E54D3B}.Release|Win32.Build.0 = Release|Win32
		{C1B1EF67-CD6B-4C5B-905D-F6E118E54D3B}.VSDebug|Win32.ActiveCfg = VSDebug|Win32
		{C1B1EF67-CD6B-4C5B-905D-F6E118E54D3B}.VSDebug|Win32.Build.0 = VSDebug|Win32
		{C6C6349F-31F3-4C05-B931-3F99DE069B2E}.Release|Win32.ActiveCfg = Release|Win32
		{C6C6349F-31F3-4C05-B931-3F99DE069B2E}.Release|Win32.Build.0 = Release|Win32
		{C6C6349F-31F3-4C05-B931-3F99DE069B2E}.VSDebug|Win32.ActiveCfg = VSDebug|Win32
		{C6C6349F-31F3-4C05-B931-3F99DE069B2E}.VSDebug|Win32.Build.0 = VSDebug|Win32
		{073E23D7-4686-4F7C-9530-5E912B4BCC9E}.Release|Win32.ActiveCfg = Release|Win32
		{073E23D7-4686-4F7C-9530-5E912B4BCC9E}.Release|Win32.Build.0 = Release|Win32
		{073E23D7-4686-4F7C-9530-5E912B4BCC9E}.VSDebug|Win32.ActiveCfg = VSDebug|Win32
		{073E23D7-4686-4F7C-9530-5E912B4BCC9E}.VSDebug|Win32.Build.0 = VSDebug|Win32
		{A379672D-6DF2-460F-A5CE-4D004EC8ACEB}.Release|Win32.ActiveCfg = Release|Win32
		{A379672D-6DF2-460F-A5CE-4D004EC8ACEB}.Release|Win32.Build.0 = Release|Win32
		{A379672D-6DF2-460F-A5CE-4D004EC8ACEB}.VSDebug|Win32.ActiveCfg = VSDebug|Win32
		{A379672D-6DF2-460F-A5CE-4D004EC8ACEB}.VSDebug|Win32.Build.0 = VSDebug|Win32
		{B5712DB5-3651-490C-B26C-16A440D4687A}.Release|Win32.ActiveCfg = Release|Win32
		{B5712DB5-3651-490C-B26C-16A440D4687A}.Release|Win32.Build.0 = Release|Win32
		{B5712DB5-3651-490C-B26C-16A440D4687A}.VSDebug|Win32.ActiveCfg = VSDebug|Win32
		{B5712DB5-3651-490C-B26C-16A440D4687A}.VSDebug|Win32.Build.0 = VSDebug|Win32
		{032277AA-090A-4F4F-9F30-83580404704C}.Release|Win32.ActiveCfg = Release|Win32
		{032277AA-090A-4F4F-9F30-83580404704C}.Release|Win32.Build.0 = Release|Win32
		{032277AA-090A-4F4F-9F30-83580404704C}.VSDebug|Win32.ActiveCfg = VSDebug|Win32
		{032277AA-090A-4F4F-9F30-83580404704C}.VSDebug|Win32.Build.0 = VSDebug|Win32
		{48961EF8-B5F1-47E5-AAAB-10143CA07083}.Release|Win32.ActiveCfg = Release|Win32
		{48961EF8-B5F1-47E5-AAAB-10143CA07083}.Release|Win32.Build.0 = Release|Win32
		{48961EF8-B5F1-47E5-AAAB-10143CA07083}.VSDebug|Win32.ActiveCfg = VSDebug|Win32
		{48961EF8-B5F1-47E5-AAAB-10143CA07083}.VSDebug|Win32.Build.0 = VSDebug|Win32
		{A4DF97BA-994B-4A04-82A6-BB83BCA068E0}.Release|Win32.ActiveCfg = Release|Win32
		{A4DF97BA-994B-4A04-82A6-BB83BCA068E0}.Release|Win32.Build.0 = Release|Win32
		{A4DF97BA-994B-4A04-82A6-BB83BCA068E0}.VSDebug|Win32.ActiveCfg = VSDebug|Win32
		{A4DF97BA-994B-4A04-82A6-BB83BCA068E0}.VSDebug|Win32.Build.0 = VSDebug|Win32
		{A01C618A-11CC-42BC-9E4A-8564E2B25FF3}.Release|Win32.ActiveCfg = Release|Win32
		{A01C618A-11CC-42BC-9E4A-8564E2B25FF3}.Release|Win32.Build.0 = Release|Win32
		{A01C618A-11CC-42BC-9E4A-8564E2B25FF3}.VSDebug|Win32.ActiveCfg = VSDebug|Win32
		{A01C618A-11CC-42BC-9E4A-8564E2B25FF3}.VSDebug|Win32.Build.0 = VSDebug|Win32
		{CE2E7B3B-654D-4DE0-9F43-C48791DD0FF4}.Release|Win32.ActiveCfg = Release|Win32
		{CE2E7B3B-654D-4DE0-9F43-C48791DD0FF4}.Release|Win32.Build.0 = Release|Win32
		{CE2E7B3B-654D-4DE0-9F43-C48791DD0FF4}.VSDebug|Win32.ActiveCfg = VSDebug|Win32
		{CE2E7B3B-654D-4DE0-9F43-C48791DD0FF4}.VSDebug|Win32.Build.0 = VSDebug|Win32
		{7BA036C1-2AE9-4831-9D62-557EAB82553C}.Release|Win32.ActiveCfg = Release|Win32
		{7BA036C1-2AE9-4831-9D62-557EAB82553C}.Release|Win32.Build.0 = Release|Win32
		{7BA036C1-2AE9-4831-9D62-557EAB82553C}.VSDebug|Win32.ActiveCfg = VSDebug|Win32
		{7BA036C1-2AE9-4831-9D62-557EAB82553C}.VSDebug|Win32.Build.0 = VSDebug|Win32
		{12E095BB-79DF-4360-BDFA-141E7ACA138E}.Release|Win32.ActiveCfg = Release|Win32
		{12E095BB-79DF-4360-BDFA-141E7ACA138E}.Release|Win32.Build.0 = Release|Win32
		{12E095BB-79DF-4360-BDFA-141E7ACA138E}.VSDebug|Win32.ActiveCfg = VSDebug|Win32
		{12E095BB-79DF-4360-BDFA-141E7ACA138E}.VSDebug|Win32.Build.0 = VSDebug|Win32
		{DA36FCA2-6DC0-493C-991F-C428872A20A0}.Release|Win32.ActiveCfg = Release|Win32
		{DA36FCA2-6DC0-493C-991F-C428872A20A0}.Release|Win32.Build.0 = Release|Win32
		{DA36FCA2-6DC0-493C-991F-C428872A20A0}.VSDebug|Win32.ActiveCfg = VSDebug|Win32
		{DA36FCA2-6DC0-493C-991F-C428872A20A0}.VSDebug|Win32.Build.0 = VSDebug|Win32
		{6DA172A3-6944-4648-A4AC-E0C2C7F357D8}.Release|Win32.ActiveCfg = Release|Win32
		{6DA172A3-6944-4648-A4AC-E0C2C7F357D8}.Release|Win32.Build.0 = Release|Win32
		{6DA172A3-6944-4648-A4AC-E0C2C7F357D8}.VSDebug|Win32.ActiveCfg = VSDebug|Win32
		{6DA172A3-6944-4648-A4AC-E0C2C7F357D8}.VSDebug|Win32.Build.0 = VSDebug|Win32
		{B0B970DA-07A6-4C39-82B8-CCDFD2181400}.Release|Win32.ActiveCfg = Release|Win32
		{B0B970DA-07A6-4C39-82B8-CCDFD2181400}.Release|Win32.Build.0 = Release|Win32
		{B0B970DA-07A6-4C39-82B8-CCDFD2181400}.VSDebug|Win32.ActiveCfg = VSDebug|Win32
		{B0B970DA-07A6-4C39-82B8-CCDFD2181400}.VSDebug|Win32.Build.0 = VSDebug|Win32
		{72FE122C-2397-41EE-921B-5C480A5D192F}.Release|Win32.ActiveCfg = Release|Win32
		{72FE122C-2397-41EE-921B-5C480A5D192F}.Release|Win32.Build.0 = Release|Win32
		{72FE122C-2397-41EE-921B-5C480A5D192F}.VSDebug|Win32.ActiveCfg = VSDebug|Win32
		{72FE122C-2397-41EE-921B-5C480A5D192F}.VSDebug|Win32.Build.0 = VSDebug|Win32
		{7ED5E734-9FBF-4507-88DA-DC61F3AD9279}.Release|Win32.ActiveCfg = Release|Win32
		{7ED5E734-9FBF-4507-88DA-DC61F3AD9279}.Release|Win32.Build.0 = Release|Win32
		{7ED5E734-9FBF-4507-88DA-DC61F3AD9279}.VSDebug|Win32.ActiveCfg = VSDebug|Win32
		{7ED5E734-9FBF-4507-88DA-DC61F3AD9279}.VSDebug|Win32.Build.0 = VSDebug|Win32
		{1DCAFFF5-DD8C-41CC-89A9-542464EB2E87}.Release|Win32.ActiveCfg = Release|Win32
		{1DCAFFF5-DD8C-41CC-89A9-542464EB2E87}.Release|Win32.Build.0 = Release|Win32
		{1DCAFFF5-DD8C-41CC-89A9-542464EB2E87}.VSDebug|Win32.ActiveCfg = VSDebug|Win32
		{1DCAFFF5-DD8C-41CC-89A9-542464EB2E87}.VSDebug|Win32.Build.0 = VSDebug|Win32
		{5E84CBC8-CB94-42C6-B7BA-46CC330EB903}.Release|Win32.ActiveCfg = Release|Win32
		{5E84CBC8-CB94-42C6-B7BA-46CC330EB903}.Release|Win32.Build.0 = Release|Win32
		{5E84CBC8-CB94-42C6-B7BA-46CC330EB903}.VSDebug|Win32.ActiveCfg = VSDebug|Win32
		{5E84CBC8-CB94-42C6-B7BA-46CC330EB903}.VSDebug|Win32.Build.0 = VSDebug|Win32
		{A5E4E963-E80A-48F0-927F-3F3CB61AE69F}.Release|Win32.ActiveCfg = Release|Win32
		{A5E4E963-E80A-48F0-927F-3F3CB61AE69F}.Release|Win32.Build.0 = Release|Win32
		{A5E4E963-E80A-48F0-927F-3F3CB61AE69F}.VSDebug|Win32.ActiveCfg = VSDebug|Win32
		{A5E4E963-E80A-48F0-927F-3F3CB61AE69F}.VSDebug|Win32.Build.0 = VSDebug|Win32
		{F57718B3-3EC2-4571-B92F-3B300FBCACD8}.Release|Win32.ActiveCfg = Release|Win32
		{F57718B3-3EC2-4571-B92F-3B300FBCACD8}.Release|Win32.Build.0 = Release|Win32
		{F57718B3-3EC2-4571-B92F-3B300FBCACD8}.VSDebug|Win32.ActiveCfg = VSDebug|Win32
		{F57718B3-3EC2-4571-B92F-3B300FBCACD8}.VSDebug|Win32.Build.0 = VSDebug|Win32
		{CBBD1719-EA88-4308-9635-8183437C9698}.Release|Win32.ActiveCfg = Release|Win32
		{CBBD1719-EA88-4308-9635-8183437C9698}.Release|Win32.Build.0 = Release|Win32
		{CBBD1719-EA88-4308-9635-8183437C9698}.VSDebug|Win32.ActiveCfg = VSDebug|Win32
		{CBBD1719-EA88-4308-9635-8183437C9698}.VSDebug|Win32.Build.0 = VSDebug|Win32
		{17C2C2D5-D0FF-48E9-BD3C-435F123BCD93}.Release|Win32.ActiveCfg = Release|Win32
		{17C2C2D5-D0FF-48E9-BD3C-435F123BCD93}.Release|Win32.Build.0 = Release|Win32
		{17C2C2D5-D0FF-48E9-BD3C-435F123BCD93}.VSDebug|Win32.ActiveCfg = VSDebug|Win32
		{17C2C2D5-D0FF-48E9-BD3C-435F123BCD93}.VSDebug|Win32.Build.0 = VSDebug|Win32
		{B8A1A52C-8BBE-4C85-8A9C-75F5B92F9C51}.Release|Win32.ActiveCfg = Release|Win32
		{B8A1A52C-8BBE-4C85-8A9C-75F5B92F9C51}.Release|Win32.Build.0 = Release|Win32
		{B8A1A52C-8BBE-4C85-8A9C-75F5B92F9C51}.VSDebug|Win32.ActiveCfg = VSDebug|Win32
		{B8A1A52C-8BBE-4C85-8A9C-75F5B92F9C51}.VSDebug|Win32.Build.0 = VSDebug|Win32
		{4E6AD001-9632-4BE8-BCA5-D98BAF1DBDA2}.Release|Win32.ActiveCfg = Release|Win32
		{4E6AD001-9632-4BE8-BCA5-D98BAF1DBDA2}.Release|Win32.Build.0 = Release|Win32
		{4E6AD001-9632-4BE8-BCA5-D98BAF1DBDA2}.VSDebug|Win32.ActiveCfg = VSDebug|Win32
		{4E6AD001-9632-4BE8-BCA5-D98BAF1DBDA2}.VSDebug|Win32.Build.0 = VSDebug|Win32
		{378460A4-0E01-4869-BC48-E099E5E1FC50}.Release|Win32.ActiveCfg = Release|Win32
		{378460A4-0E01-4869-BC48-E099E5E1FC50}.Release|Win32.Build.0 = Release|Win32
		{378460A4-0E01-4869-BC48-E099E5E1FC50}.VSDebug|Win32.ActiveCfg = VSDebug|Win32
		{378460A4-0E01-4869-BC48-E099E5E1FC50}.VSDebug|Win32.Build.0 = VSDebug|Win32
		{4334A56B-9164-4A1F-9DD7-95A42F2DDC5D}.Release|Win32.ActiveCfg = Release|Win32
		{4334A56B-9164-4A1F-9DD7-95A42F2DDC5D}.Release|Win32.Build.0 = Release|Win32
		{4334A56B-9164-4A1F-9DD7-95A42F2DDC5D}.VSDebug|Win32.ActiveCfg = VSDebug|Win32
		{4334A56B-9164-4A1F-9DD7-95A42F2DDC5D}.VSDebug|Win32.Build.0 = VSDebug|Win32
		{DC7212B2-6781-4759-9A2D-741E80BAECB4}.Release|Win32.ActiveCfg = Release|Win32
		{DC7212B2-6781-4759-9A2D-741E80BAECB4}.Release|Win32.Build.0 = Release|Win32
		{DC7212B2-6781-4759-9A2D-741E80BAECB4}.VSDebug|Win32.ActiveCfg = VSDebug|Win32
		{DC7212B2-6781-4759-9A2D-741E80BAECB4}.VSDebug|Win32.Build.0 = VSDebug|Win32
		{83268692-A4BF-4378-84A6-7BAA5A0DB2CF}.Release|Win32.ActiveCfg = Release|Win32
		{83268692-A4BF-4378-84A6-7BAA5A0DB2CF}.Release|Win32.Build.0 = Release|Win32
		{83268692-A4BF-4378-84A6-7BAA5A0DB2CF}.VSDebug|Win32.ActiveCfg = VSDebug|Win32
		{83268692-A4BF-4378-84A6-7BAA5A0DB2CF}.VSDebug|Win32.Build.0 = VSDebug|Win32
		{6BB60CCB-E1E7-4FD5-9997-AB42CD8817BD}.Release|Win32.ActiveCfg = Release|Win32
		{6BB60CCB-E1E7-4FD5-9997-AB42CD8817BD}.Release|Win32.Build.0 = Release|Win32
		{6BB60CCB-E1E7-4FD5-9997-AB42CD8817BD}.VSDebug|Win32.ActiveCfg = VSDebug|Win32
		{6BB60CCB-E1E7-4FD5-9997-AB42CD8817BD}.VSDebug|Win32.Build.0 = VSDebug|Win32
		{70414DDD-DBC1-4FD5-99C7-B27D976407F4}.Release|Win32.ActiveCfg = Release|Win32
		{70414DDD-DBC1-4FD5-99C7-B27D976407F4}.Release|Win32.Build.0 = Release|Win32
		{70414DDD-DBC1-4FD5-99C7-B27D976407F4}.VSDebug|Win32.ActiveCfg = VSDebug|Win32
		{70414DDD-DBC1-4FD5-99C7-B27D976407F4}.VSDebug|Win32.Build.0 = VSDebug|Win32
		{C13C4990-1A62-4988-AABD-5E2BDBC0BD9A}.Release|Win32.ActiveCfg = Release|Win32
		{C13C4990-1A62-4988-AABD-5E2BDBC0BD9A}.Release|Win32.Build.0 = Release|Win32
		{C13C4990-1A62-4988-AABD-5E2BDBC0BD9A}.VSDebug|Win32.ActiveCfg = VSDebug|Win32
		{C13C4990-1A62-4988-AABD-5E2BDBC0BD9A}.VSDebug|Win32.Build.0 = VSDebug|Win32
		{9A694E6D-6431-4ECD-98DD-E2CCCC3F582D}.Release|Win32.ActiveCfg = Release|Win32
		{9A694E6D-6431-4ECD-98DD-E2CCCC3F582D}.Release|Win32.Build.0 = Release|Win32
		{9A694E6D-6431-4ECD-98DD-E2CCCC3F582D}.VSDebug|Win32.ActiveCfg = VSDebug|Win32
		{9A694E6D-6431-4ECD-98DD-E2CCCC3F582D}.VSDebug|Win32.Build.0 = VSDebug|Win32
		{F153D9DF-FB5F-453F-9ECD-397C3EA8EA36}.Release|Win32.ActiveCfg = Release|Win32
		{F153D9DF-FB5F-453F-9ECD-397C3EA8EA36}.Release|Win32.Build.0 = Release|Win32
		{F153D9DF-FB5F-453F-9ECD-397C3EA8EA36}.VSDebug|Win32.ActiveCfg = VSDebug|Win32
		{F153D9DF-FB5F-453F-9ECD-397C3EA8EA36}.VSDebug|Win32.Build.0 = VSDebug|Win32
		{88ACE266-370F-4E66-BB51-30012424D99F}.Release|Win32.ActiveCfg = Release|Win32
		{88ACE266-370F-4E66-BB51-30012424D99F}.Release|Win32.Build.0 = Release|Win32
		{88ACE266-370F-4E66-BB51-30012424D99F}.VSDebug|Win32.ActiveCfg = VSDebug|Win32
		{88ACE266-370F-4E66-BB51-30012424D99F}.VSDebug|Win32.Build.0 = VSDebug|Win32
		{F3928D6D-85F0-47E9-99F8-B226B013B166}.Release|Win32.ActiveCfg = Release|Win32
		{F3928D6D-85F0-47E9-99F8-B226B013B166}.Release|Win32.Build.0 = Release|Win32
		{F3928D6D-85F0-47E9-99F8-B226B013B166}.VSDebug|Win32.ActiveCfg = VSDebug|Win32
		{F3928D6D-85F0-47E9-99F8-B226B013B166}.VSDebug|Win32.Build.0 = VSDebug|Win32
		{8374119C-E3AE-49E2-96D6-2ACBDBC9E0FA}.Release|Win32.ActiveCfg = Release|Win32
		{8374119C-E3AE-49E2-96D6-2ACBDBC9E0FA}.Release|Win32.Build.0 = Release|Win32
		{8374119C-E3AE-49E2-96D6-2ACBDBC9E0FA}.VSDebug|Win32.ActiveCfg = VSDebug|Win32
		{8374119C-E3AE-49E2-96D6-2ACBDBC9E0FA}.VSDebug|Win32.Build.0 = VSDebug|Win32
		{8ADDA09D-ED79-41D3-9D8A-B1B4107E0761}.Release|Win32.ActiveCfg = Release|Win32
		{8ADDA09D-ED79-41D3-9D8A-B1B4107E0761}.Release|Win32.Build.0 = Release|Win32
		{8ADDA09D-ED79-41D3-9D8A-B1B4107E0761}.VSDebug|Win32.ActiveCfg = VSDebug|Win32
		{8ADDA09D-ED79-41D3-9D8A-B1B4107E0761}.VSDebug|Win32.Build.0 = VSDebug|Win32
		{2F191A2D-DB2E-4BE7-BD47-D617A7F4FA75}.Release|Win32.ActiveCfg = Release|Win32
		{2F191A2D-DB2E-4BE7-BD47-D617A7F4FA75}.Release|Win32.Build.0 = Release|Win32
		{2F191A2D-DB2E-4BE7-BD47-D617A7F4FA75}.VSDebug|Win32.ActiveCfg = VSDebug|Win32
		{2F191A2D-DB2E-4BE7-BD47-D617A7F4FA75}.VSDebug|Win32.Build.0 = VSDebug|Win32
		{30F8D7E3-C24E-4047-B452-0CE50435F580}.Release|Win32.ActiveCfg = Release|Win32
		{30F8D7E3-C24E-4047-B452-0CE50435F580}.Release|Win32.Build.0 = Release|Win32
		{30F8D7E3-C24E-4047-B452-0CE50435F580}.VSDebug|Win32.ActiveCfg = VSDebug|Win32
		{30F8D7E3-C24E-4047-B452-0CE50435F580}.VSDebug|Win32.Build.0 = VSDebug|Win32
		{E032AB90-EE29-40A1-97F0-1F2B6F9949C3}.Release|Win32.ActiveCfg = Release|Win32
		{E032AB90-EE29-40A1-97F0-1F2B6F9949C3}.Release|Win32.Build.0 = Release|Win32
		{E032AB90-EE29-40A1-97F0-1F2B6F9949C3}.VSDebug|Win32.ActiveCfg = VSDebug|Win32
		{E032AB90-EE29-40A1-97F0-1F2B6F9949C3}.VSDebug|Win32.Build.0 = VSDebug|Win32
		{86F9FCDD-7B06-4A6D-B911-8F78477C03B1}.Release|Win32.ActiveCfg = Release|Win32
		{86F9FCDD-7B06-4A6D-B911-8F78477C03B1}.Release|Win32.Build.0 = Release|Win32
		{86F9FCDD-7B06-4A6D-B911-8F78477C03B1}.VSDebug|Win32.ActiveCfg = VSDebug|Win32
		{86F9FCDD-7B06-4A6D-B911-8F78477C03B1}.VSDebug|Win32.Build.0 = VSDebug|Win32
		{C1224432-F30E-453E-8394-5294642B8938}.Release|Win32.ActiveCfg = Release|Win32
		{C1224432-F30E-453E-8394-5294642B8938}.Release|Win32.Build.0 = Release|Win32
		{C1224432-F30E-453E-8394-5294642B8938}.VSDebug|Win32.ActiveCfg = VSDebug|Win32
		{C1224432-F30E-453E-8394-5294642B8938}.VSDebug|Win32.Build.0 = VSDebug|Win32
	EndGlobalSection
	GlobalSection(SolutionProperties) = preSolution
		HideSolutionNode = FALSE
	EndGlobalSection
EndGlobal
